
Microsoft Visual Studio Solution File, Format Version 12.00
# Visual Studio 15
VisualStudioVersion = 15.0.28307.572
MinimumVisualStudioVersion = 10.0.40219.1
Project("{FAE04EC0-301F-11D3-BF4B-00C04F79EFBC}") = "WindowsFormsApplication2", "WindowsFormsApplication2\WindowsFormsApplication2.csproj", "{C62858FA-34D8-41AB-84E7-F27059CBD0DF}"
EndProject
Global
	GlobalSection(SolutionConfigurationPlatforms) = preSolution
		Debug|Any CPU = Debug|Any CPU
		Release|Any CPU = Release|Any CPU
	EndGlobalSection
	GlobalSection(ProjectConfigurationPlatforms) = postSolution
		{C62858FA-34D8-41AB-84E7-F27059CBD0DF}.Debug|Any CPU.ActiveCfg = Debug|Any CPU
		{C62858FA-34D8-41AB-84E7-F27059CBD0DF}.Debug|Any CPU.Build.0 = Debug|Any CPU
		{C62858FA-34D8-41AB-84E7-F27059CBD0DF}.Release|Any CPU.ActiveCfg = Release|Any CPU
		{C62858FA-34D8-41AB-84E7-F27059CBD0DF}.Release|Any CPU.Build.0 = Release|Any CPU
	EndGlobalSection
	GlobalSection(SolutionProperties) = preSolution
		HideSolutionNode = FALSE
	EndGlobalSection
	GlobalSection(ExtensibilityGlobals) = postSolution
		SolutionGuid = {66D14406-3C42-4C4D-ACBF-D419C449B546}
	EndGlobalSection
EndGlobal
